
Microsoft Visual Studio Solution File, Format Version 12.00
# Visual Studio Version 17
VisualStudioVersion = 17.14.36811.4 d17.14
MinimumVisualStudioVersion = 10.0.40219.1
Project("{FAE04EC0-301F-11D3-BF4B-00C04F79EFBC}") = "KosmicheskayaLozha", "KosmicheskayaLozha\KosmicheskayaLozha.csproj", "{064DB720-E374-45FF-930C-394099233569}"
EndProject
Global
	GlobalSection(SolutionConfigurationPlatforms) = preSolution
		Debug|Any CPU = Debug|Any CPU
		Release|Any CPU = Release|Any CPU
	EndGlobalSection
	GlobalSection(ProjectConfigurationPlatforms) = postSolution
		{064DB720-E374-45FF-930C-394099233569}.Debug|Any CPU.ActiveCfg = Debug|Any CPU
		{064DB720-E374-45FF-930C-394099233569}.Debug|Any CPU.Build.0 = Debug|Any CPU
		{064DB720-E374-45FF-930C-394099233569}.Release|Any CPU.ActiveCfg = Release|Any CPU
		{064DB720-E374-45FF-930C-394099233569}.Release|Any CPU.Build.0 = Release|Any CPU
	EndGlobalSection
	GlobalSection(SolutionProperties) = preSolution
		HideSolutionNode = FALSE
	EndGlobalSection
	GlobalSection(ExtensibilityGlobals) = postSolution
		SolutionGuid = {388DC41A-CD50-4DCA-A317-1F0357E4CB4F}
	EndGlobalSection
EndGlobal
